github.com/sparkoo/sparkengine v0.0.0-20190302141500-467903274efa h1:UnoXhBp2cKu60ipBV1osnFsAXfM9q5ivMEMNMvc6MoI=
github.com/sparkoo/sparkengine v0.0.0-20190302141500-467903274efa/go.mod h1:P3iIUH16LpHnKy0GpFzp0fdzQFg38jmR3JdYmCo2xQg=
github.com/veandco/go-sdl2 v0.3.0 h1:IWYkHMp8V3v37NsKjszln8FFnX2+ab0538J371t+rss=
github.com/veandco/go-sdl2 v0.3.0/go.mod h1:FB+kTpX9YTE+urhYiClnRzpOXbiWgaU3+5F2AB78DPg=
